// !$*UTF8*$!
{
	archiveVersion = 1;
	classes = {
	};
	objectVersion = 50;
	objects = {

/* Begin PBXBuildFile section */
		7E597CD6273A6A4D00565B29 /* AppDelegate.swift in Sources */ = {isa = PBXBuildFile; fileRef = 7E597CD5273A6A4D00565B29 /* AppDelegate.swift */; };
		7E597CD8273A6A4D00565B29 /* SceneDelegate.swift in Sources */ = {isa = PBXBuildFile; fileRef = 7E597CD7273A6A4D00565B29 /* SceneDelegate.swift */; };
		7E597CDA273A6A4D00565B29 /* ViewController.swift in Sources */ = {isa = PBXBuildFile; fileRef = 7E597CD9273A6A4D00565B29 /* ViewController.swift */; };
		7E597CDD273A6A4D00565B29 /* Main.storyboard in Resources */ = {isa = PBXBuildFile; fileRef = 7E597CDB273A6A4D00565B29 /* Main.storyboard */; };
		7E597CE0273A6A4D00565B29 /* ImageDemo.xcdatamodeld in Sources */ = {isa = PBXBuildFile; fileRef = 7E597CDE273A6A4D00565B29 /* ImageDemo.xcdatamodeld */; };
		7E597CE2273A6A4F00565B29 /* Assets.xcassets in Resources */ = {isa = PBXBuildFile; fileRef = 7E597CE1273A6A4F00565B29 /* Assets.xcassets */; };
		7E597CE5273A6A4F00565B29 /* LaunchScreen.storyboard in Resources */ = {isa = PBXBuildFile; fileRef = 7E597CE3273A6A4F00565B29 /* LaunchScreen.storyboard */; };
		7E597CF0273A6A4F00565B29 /* ImageDemoTests.swift in Sources */ = {isa = PBXBuildFile; fileRef = 7E597CEF273A6A4F00565B29 /* ImageDemoTests.swift */; };
		7E597CFB273A6A5000565B29 /* ImageDemoUITests.swift in Sources */ = {isa = PBXBuildFile; fileRef = 7E597CFA273A6A5000565B29 /* ImageDemoUITests.swift */; };
		7E78838B273B90740061C60D /* TableViewCell.swift in Sources */ = {isa = PBXBuildFile; fileRef = 7E78838A273B90740061C60D /* TableViewCell.swift */; };
		7E788390273B90830061C60D /* TableViewController.swift in Sources */ = {isa = PBXBuildFile; fileRef = 7E78838F273B90830061C60D /* TableViewController.swift */; };
		7EABA571273BF4E30006427A /* ImageViewController.swift in Sources */ = {isa = PBXBuildFile; fileRef = 7EABA570273BF4E30006427A /* ImageViewController.swift */; };
/* End PBXBuildFile section */

/* Begin PBXContainerItemProxy section */
		7E597CEC273A6A4F00565B29 /* PBXContainerItemProxy */ = {
			isa = PBXContainerItemProxy;
			containerPortal = 7E597CCA273A6A4D00565B29 /* Project object */;
			proxyType = 1;
			remoteGlobalIDString = 7E597CD1273A6A4D00565B29;
			remoteInfo = ImageDemo;
		};
		7E597CF7273A6A5000565B29 /* PBXContainerItemProxy */ = {
			isa = PBXContainerItemProxy;
			containerPortal = 7E597CCA273A6A4D00565B29 /* Project object */;
			proxyType = 1;
			remoteGlobalIDString = 7E597CD1273A6A4D00565B29;
			remoteInfo = ImageDemo;
		};
/* End PBXContainerItemProxy section */

/* Begin PBXFileReference section */
		7E597CD2273A6A4D00565B29 /* ImageDemo.app */ = {isa = PBXFileReference; explicitFileType = wrapper.application; includeInIndex = 0; path = ImageDemo.app; sourceTree = BUILT_PRODUCTS_DIR; };
		7E597CD5273A6A4D00565B29 /* AppDelegate.swift */ = {isa = PBXFileReference; lastKnownFileType = sourcecode.swift; path = AppDelegate.swift; sourceTree = "<group>"; };
		7E597CD7273A6A4D00565B29 /* SceneDelegate.swift */ = {isa = PBXFileReference; lastKnownFileType = sourcecode.swift; path = SceneDelegate.swift; sourceTree = "<group>"; };
		7E597CD9273A6A4D00565B29 /* ViewController.swift */ = {isa = PBXFileReference; lastKnownFileType = sourcecode.swift; path = ViewController.swift; sourceTree = "<group>"; };
		7E597CDC273A6A4D00565B29 /* Base */ = {isa = PBXFileReference; lastKnownFileType = file.storyboard; name = Base; path = Base.lproj/Main.storyboard; sourceTree = "<group>"; };
		7E597CDF273A6A4D00565B29 /* ImageDemo.xcdatamodel */ = {isa = PBXFileReference; lastKnownFileType = wrapper.xcdatamodel; path = ImageDemo.xcdatamodel; sourceTree = "<group>"; };
		7E597CE1273A6A4F00565B29 /* Assets.xcassets */ = {isa = PBXFileReference; lastKnownFileType = folder.assetcatalog; path = Assets.xcassets; sourceTree = "<group>"; };
		7E597CE4273A6A4F00565B29 /* Base */ = {isa = PBXFileReference; lastKnownFileType = file.storyboard; name = Base; path = Base.lproj/LaunchScreen.storyboard; sourceTree = "<group>"; };
		7E597CE6273A6A4F00565B29 /* Info.plist */ = {isa = PBXFileReference; lastKnownFileType = text.plist.xml; path = Info.plist; sourceTree = "<group>"; };
		7E597CEB273A6A4F00565B29 /* ImageDemoTests.xctest */ = {isa = PBXFileReference; explicitFileType = wrapper.cfbundle; includeInIndex = 0; path = ImageDemoTests.xctest; sourceTree = BUILT_PRODUCTS_DIR; };
		7E597CEF273A6A4F00565B29 /* ImageDemoTests.swift */ = {isa = PBXFileReference; lastKnownFileType = sourcecode.swift; path = ImageDemoTests.swift; sourceTree = "<group>"; };
		7E597CF1273A6A4F00565B29 /* Info.plist */ = {isa = PBXFileReference; lastKnownFileType = text.plist.xml; path = Info.plist; sourceTree = "<group>"; };
		7E597CF6273A6A5000565B29 /* ImageDemoUITests.xctest */ = {isa = PBXFileReference; explicitFileType = wrapper.cfbundle; includeInIndex = 0; path = ImageDemoUITests.xctest; sourceTree = BUILT_PRODUCTS_DIR; };
		7E597CFA273A6A5000565B29 /* ImageDemoUITests.swift */ = {isa = PBXFileReference; lastKnownFileType = sourcecode.swift; path = ImageDemoUITests.swift; sourceTree = "<group>"; };
		7E597CFC273A6A5000565B29 /* Info.plist */ = {isa = PBXFileReference; lastKnownFileType = text.plist.xml; path = Info.plist; sourceTree = "<group>"; };
		7E78838A273B90740061C60D /* TableViewCell.swift */ = {isa = PBXFileReference; lastKnownFileType = sourcecode.swift; path = TableViewCell.swift; sourceTree = "<group>"; };
		7E78838F273B90830061C60D /* TableViewController.swift */ = {isa = PBXFileReference; lastKnownFileType = sourcecode.swift; path = TableViewController.swift; sourceTree = "<group>"; };
		7EABA570273BF4E30006427A /* ImageViewController.swift */ = {isa = PBXFileReference; lastKnownFileType = sourcecode.swift; path = ImageViewController.swift; sourceTree = "<group>"; };
/* End PBXFileReference section */

/* Begin PBXFrameworksBuildPhase section */
		7E597CCF273A6A4D00565B29 /* Frameworks */ = {
			isa = PBXFrameworksBuildPhase;
			buildActionMask = 2147483647;
			files = (
			);
			runOnlyForDeploymentPostprocessing = 0;
		};
		7E597CE8273A6A4F00565B29 /* Frameworks */ = {
			isa = PBXFrameworksBuildPhase;
			buildActionMask = 2147483647;
			files = (
			);
			runOnlyForDeploymentPostprocessing = 0;
		};
		7E597CF3273A6A5000565B29 /* Frameworks */ = {
			isa = PBXFrameworksBuildPhase;
			buildActionMask = 2147483647;
			files = (
			);
			runOnlyForDeploymentPostprocessing = 0;
		};
/* End PBXFrameworksBuildPhase section */

/* Begin PBXGroup section */
		7E597CC9273A6A4D00565B29 = {
			isa = PBXGroup;
			children = (
				7E597CD4273A6A4D00565B29 /* ImageDemo */,
				7E597CEE273A6A4F00565B29 /* ImageDemoTests */,
				7E597CF9273A6A5000565B29 /* ImageDemoUITests */,
				7E597CD3273A6A4D00565B29 /* Products */,
			);
			sourceTree = "<group>";
		};
		7E597CD3273A6A4D00565B29 /* Products */ = {
			isa = PBXGroup;
			children = (
				7E597CD2273A6A4D00565B29 /* ImageDemo.app */,
				7E597CEB273A6A4F00565B29 /* ImageDemoTests.xctest */,
				7E597CF6273A6A5000565B29 /* ImageDemoUITests.xctest */,
			);
			name = Products;
			sourceTree = "<group>";
		};
		7E597CD4273A6A4D00565B29 /* ImageDemo */ = {
			isa = PBXGroup;
			children = (
				7E597CD5273A6A4D00565B29 /* AppDelegate.swift */,
				7E597CD7273A6A4D00565B29 /* SceneDelegate.swift */,
				7E597CD9273A6A4D00565B29 /* ViewController.swift */,
				7E597CDB273A6A4D00565B29 /* Main.storyboard */,
				7EABA570273BF4E30006427A /* ImageViewController.swift */,
				7E78838A273B90740061C60D /* TableViewCell.swift */,
				7E78838F273B90830061C60D /* TableViewController.swift */,
				7E597CE1273A6A4F00565B29 /* Assets.xcassets */,
				7E597CE3273A6A4F00565B29 /* LaunchScreen.storyboard */,
				7E597CE6273A6A4F00565B29 /* Info.plist */,
				7E597CDE273A6A4D00565B29 /* ImageDemo.xcdatamodeld */,
			);
			path = ImageDemo;
			sourceTree = "<group>";
		};
		7E597CEE273A6A4F00565B29 /* ImageDemoTests */ = {
			isa = PBXGroup;
			children = (
				7E597CEF273A6A4F00565B29 /* ImageDemoTests.swift */,
				7E597CF1273A6A4F00565B29 /* Info.plist */,
			);
			path = ImageDemoTests;
			sourceTree = "<group>";
		};
		7E597CF9273A6A5000565B29 /* ImageDemoUITests */ = {
			isa = PBXGroup;
			children = (
				7E597CFA273A6A5000565B29 /* ImageDemoUITests.swift */,
				7E597CFC273A6A5000565B29 /* Info.plist */,
			);
			path = ImageDemoUITests;
			sourceTree = "<group>";
		};
/* End PBXGroup section */

/* Begin PBXNativeTarget section */
		7E597CD1273A6A4D00565B29 /* ImageDemo */ = {
			isa = PBXNativeTarget;
			buildConfigurationList = 7E597CFF273A6A5000565B29 /* Build configuration list for PBXNativeTarget "ImageDemo" */;
			buildPhases = (
				7E597CCE273A6A4D00565B29 /* Sources */,
				7E597CCF273A6A4D00565B29 /* Frameworks */,
				7E597CD0273A6A4D00565B29 /* Resources */,
			);
			buildRules = (
			);
			dependencies = (
			);
			name = ImageDemo;
			productName = ImageDemo;
			productReference = 7E597CD2273A6A4D00565B29 /* ImageDemo.app */;
			productType = "com.apple.product-type.application";
		};
		7E597CEA273A6A4F00565B29 /* ImageDemoTests */ = {
			isa = PBXNativeTarget;
			buildConfigurationList = 7E597D02273A6A5000565B29 /* Build configuration list for PBXNativeTarget "ImageDemoTests" */;
			buildPhases = (
				7E597CE7273A6A4F00565B29 /* Sources */,
				7E597CE8273A6A4F00565B29 /* Frameworks */,
				7E597CE9273A6A4F00565B29 /* Resources */,
			);
			buildRules = (
			);
			dependencies = (
				7E597CED273A6A4F00565B29 /* PBXTargetDependency */,
			);
			name = ImageDemoTests;
			productName = ImageDemoTests;
			productReference = 7E597CEB273A6A4F00565B29 /* ImageDemoTests.xctest */;
			productType = "com.apple.product-type.bundle.unit-test";
		};
		7E597CF5273A6A5000565B29 /* ImageDemoUITests */ = {
			isa = PBXNativeTarget;
			buildConfigurationList = 7E597D05273A6A5000565B29 /* Build configuration list for PBXNativeTarget "ImageDemoUITests" */;
			buildPhases = (
				7E597CF2273A6A5000565B29 /* Sources */,
				7E597CF3273A6A5000565B29 /* Frameworks */,
				7E597CF4273A6A5000565B29 /* Resources */,
			);
			buildRules = (
			);
			dependencies = (
				7E597CF8273A6A5000565B29 /* PBXTargetDependency */,
			);
			name = ImageDemoUITests;
			productName = ImageDemoUITests;
			productReference = 7E597CF6273A6A5000565B29 /* ImageDemoUITests.xctest */;
			productType = "com.apple.product-type.bundle.ui-testing";
		};
/* End PBXNativeTarget section */

/* Begin PBXProject section */
		7E597CCA273A6A4D00565B29 /* Project object */ = {
			isa = PBXProject;
			attributes = {
				LastSwiftUpdateCheck = 1230;
				LastUpgradeCheck = 1230;
				TargetAttributes = {
					7E597CD1273A6A4D00565B29 = {
						CreatedOnToolsVersion = 12.3;
					};
					7E597CEA273A6A4F00565B29 = {
						CreatedOnToolsVersion = 12.3;
						TestTargetID = 7E597CD1273A6A4D00565B29;
					};
					7E597CF5273A6A5000565B29 = {
						CreatedOnToolsVersion = 12.3;
						TestTargetID = 7E597CD1273A6A4D00565B29;
					};
				};
			};
			buildConfigurationList = 7E597CCD273A6A4D00565B29 /* Build configuration list for PBXProject "ImageDemo" */;
			compatibilityVersion = "Xcode 9.3";
			developmentRegion = en;
			hasScannedForEncodings = 0;
			knownRegions = (
				en,
				Base,
			);
			mainGroup = 7E597CC9273A6A4D00565B29;
			productRefGroup = 7E597CD3273A6A4D00565B29 /* Products */;
			projectDirPath = "";
			projectRoot = "";
			targets = (
				7E597CD1273A6A4D00565B29 /* ImageDemo */,
				7E597CEA273A6A4F00565B29 /* ImageDemoTests */,
				7E597CF5273A6A5000565B29 /* ImageDemoUITests */,
			);
		};
/* End PBXProject section */

/* Begin PBXResourcesBuildPhase section */
		7E597CD0273A6A4D00565B29 /* Resources */ = {
			isa = PBXResourcesBuildPhase;
			buildActionMask = 2147483647;
			files = (
				7E597CE5273A6A4F00565B29 /* LaunchScreen.storyboard in Resources */,
				7E597CE2273A6A4F00565B29 /* Assets.xcassets in Resources */,
				7E597CDD273A6A4D00565B29 /* Main.storyboard in Resources */,
			);
			runOnlyForDeploymentPostprocessing = 0;
		};
		7E597CE9273A6A4F00565B29 /* Resources */ = {
			isa = PBXResourcesBuildPhase;
			buildActionMask = 2147483647;
			files = (
			);
			runOnlyForDeploymentPostprocessing = 0;
		};
		7E597CF4273A6A5000565B29 /* Resources */ = {
			isa = PBXResourcesBuildPhase;
			buildActionMask = 2147483647;
			files = (
			);
			runOnlyForDeploymentPostprocessing = 0;
		};
/* End PBXResourcesBuildPhase section */

/* Begin PBXSourcesBuildPhase section */
		7E597CCE273A6A4D00565B29 /* Sources */ = {
			isa = PBXSourcesBuildPhase;
			buildActionMask = 2147483647;
			files = (
				7E78838B273B90740061C60D /* TableViewCell.swift in Sources */,
				7E788390273B90830061C60D /* TableViewController.swift in Sources */,
				7E597CDA273A6A4D00565B29 /* ViewController.swift in Sources */,
				7EABA571273BF4E30006427A /* ImageViewController.swift in Sources */,
				7E597CD6273A6A4D00565B29 /* AppDelegate.swift in Sources */,
				7E597CE0273A6A4D00565B29 /* ImageDemo.xcdatamodeld in Sources */,
				7E597CD8273A6A4D00565B29 /* SceneDelegate.swift in Sources */,
			);
			runOnlyForDeploymentPostprocessing = 0;
		};
		7E597CE7273A6A4F00565B29 /* Sources */ = {
			isa = PBXSourcesBuildPhase;
			buildActionMask = 2147483647;
			files = (
				7E597CF0273A6A4F00565B29 /* ImageDemoTests.swift in Sources */,
			);
			runOnlyForDeploymentPostprocessing = 0;
		};
		7E597CF2273A6A5000565B29 /* Sources */ = {
			isa = PBXSourcesBuildPhase;
			buildActionMask = 2147483647;
			files = (
				7E597CFB273A6A5000565B29 /* ImageDemoUITests.swift in Sources */,
			);
			runOnlyForDeploymentPostprocessing = 0;
		};
/* End PBXSourcesBuildPhase section */

/* Begin PBXTargetDependency section */
		7E597CED273A6A4F00565B29 /* PBXTargetDependency */ = {
			isa = PBXTargetDependency;
			target = 7E597CD1273A6A4D00565B29 /* ImageDemo */;
			targetProxy = 7E597CEC273A6A4F00565B29 /* PBXContainerItemProxy */;
		};
		7E597CF8273A6A5000565B29 /* PBXTargetDependency */ = {
			isa = PBXTargetDependency;
			target = 7E597CD1273A6A4D00565B29 /* ImageDemo */;
			targetProxy = 7E597CF7273A6A5000565B29 /* PBXContainerItemProxy */;
		};
/* End PBXTargetDependency section */

/* Begin PBXVariantGroup section */
		7E597CDB273A6A4D00565B29 /* Main.storyboard */ = {
			isa = PBXVariantGroup;
			children = (
				7E597CDC273A6A4D00565B29 /* Base */,
			);
			name = Main.storyboard;
			sourceTree = "<group>";
		};
		7E597CE3273A6A4F00565B29 /* LaunchScreen.storyboard */ = {
			isa = PBXVariantGroup;
			children = (
				7E597CE4273A6A4F00565B29 /* Base */,
			);
			name = LaunchScreen.storyboard;
			sourceTree = "<group>";
		};
/* End PBXVariantGroup section */

/* Begin XCBuildConfiguration section */
		7E597CFD273A6A5000565B29 /* Debug */ = {
			isa = XCBuildConfiguration;
			buildSettings = {
				ALWAYS_SEARCH_USER_PATHS = NO;
				CLANG_ANALYZER_NONNULL = YES;
				CLANG_ANALYZER_NUMBER_OBJECT_CONVERSION = YES_AGGRESSIVE;
				CLANG_CXX_LANGUAGE_STANDARD = "gnu++14";
				CLANG_CXX_LIBRARY = "libc++";
				CLANG_ENABLE_MODULES = YES;
				CLANG_ENABLE_OBJC_ARC = YES;
				CLANG_ENABLE_OBJC_WEAK = YES;
				CLANG_WARN_BLOCK_CAPTURE_AUTORELEASING = YES;
				CLANG_WARN_BOOL_CONVERSION = YES;
				CLANG_WARN_COMMA = YES;
				CLANG_WARN_CONSTANT_CONVERSION = YES;
				CLANG_WARN_DEPRECATED_OBJC_IMPLEMENTATIONS = YES;
				CLANG_WARN_DIRECT_OBJC_ISA_USAGE = YES_ERROR;
				CLANG_WARN_DOCUMENTATION_COMMENTS = YES;
				CLANG_WARN_EMPTY_BODY = YES;
				CLANG_WARN_ENUM_CONVERSION = YES;
				CLANG_WARN_INFINITE_RECURSION = YES;
				CLANG_WARN_INT_CONVERSION = YES;
				CLANG_WARN_NON_LITERAL_NULL_CONVERSION = YES;
				CLANG_WARN_OBJC_IMPLICIT_RETAIN_SELF = YES;
				CLANG_WARN_OBJC_LITERAL_CONVERSION = YES;
				CLANG_WARN_OBJC_ROOT_CLASS = YES_ERROR;
				CLANG_WARN_QUOTED_INCLUDE_IN_FRAMEWORK_HEADER = YES;
				CLANG_WARN_RANGE_LOOP_ANALYSIS = YES;
				CLANG_WARN_STRICT_PROTOTYPES = YES;
				CLANG_WARN_SUSPICIOUS_MOVE = YES;
				CLANG_WARN_UNGUARDED_AVAILABILITY = YES_AGGRESSIVE;
				CLANG_WARN_UNREACHABLE_CODE = YES;
				CLANG_WARN__DUPLICATE_METHOD_MATCH = YES;
				COPY_PHASE_STRIP = NO;
				DEBUG_INFORMATION_FORMAT = dwarf;
				ENABLE_STRICT_OBJC_MSGSEND = YES;
				ENABLE_TESTABILITY = YES;
				GCC_C_LANGUAGE_STANDARD = gnu11;
				GCC_DYNAMIC_NO_PIC = NO;
				GCC_NO_COMMON_BLOCKS = YES;
				GCC_OPTIMIZATION_LEVEL = 0;
				GCC_PREPROCESSOR_DEFINITIONS = (
					"DEBUG=1",
					"$(inherited)",
				);
				GCC_WARN_64_TO_32_BIT_CONVERSION = YES;
				GCC_WARN_ABOUT_RETURN_TYPE = YES_ERROR;
				GCC_WARN_UNDECLARED_SELECTOR = YES;
				GCC_WARN_UNINITIALIZED_AUTOS = YES_AGGRESSIVE;
				GCC_WARN_UNUSED_FUNCTION = YES;
				GCC_WARN_UNUSED_VARIABLE = YES;
				IPHONEOS_DEPLOYMENT_TARGET = 14.3;
				MTL_ENABLE_DEBUG_INFO = INCLUDE_SOURCE;
				MTL_FAST_MATH = YES;
				ONLY_ACTIVE_ARCH = YES;
				SDKROOT = iphoneos;
				SWIFT_ACTIVE_COMPILATION_CONDITIONS = DEBUG;
				SWIFT_OPTIMIZATION_LEVEL = "-Onone";
			};
			name = Debug;
		};
		7E597CFE273A6A5000565B29 /* Release */ = {
			isa = XCBuildConfiguration;
			buildSettings = {
				ALWAYS_SEARCH_USER_PATHS = NO;
				CLANG_ANALYZER_NONNULL = YES;
				CLANG_ANALYZER_NUMBER_OBJECT_CONVERSION = YES_AGGRESSIVE;
				CLANG_CXX_LANGUAGE_STANDARD = "gnu++14";
				CLANG_CXX_LIBRARY = "libc++";
				CLANG_ENABLE_MODULES = YES;
				CLANG_ENABLE_OBJC_ARC = YES;
				CLANG_ENABLE_OBJC_WEAK = YES;
				CLANG_WARN_BLOCK_CAPTURE_AUTORELEASING = YES;
				CLANG_WARN_BOOL_CONVERSION = YES;
				CLANG_WARN_COMMA = YES;
				CLANG_WARN_CONSTANT_CONVERSION = YES;
				CLANG_WARN_DEPRECATED_OBJC_IMPLEMENTATIONS = YES;
				CLANG_WARN_DIRECT_OBJC_ISA_USAGE = YES_ERROR;
				CLANG_WARN_DOCUMENTATION_COMMENTS = YES;
				CLANG_WARN_EMPTY_BODY = YES;
				CLANG_WARN_ENUM_CONVERSION = YES;
				CLANG_WARN_INFINITE_RECURSION = YES;
				CLANG_WARN_INT_CONVERSION = YES;
				CLANG_WARN_NON_LITERAL_NULL_CONVERSION = YES;
				CLANG_WARN_OBJC_IMPLICIT_RETAIN_SELF = YES;
				CLANG_WARN_OBJC_LITERAL_CONVERSION = YES;
				CLANG_WARN_OBJC_ROOT_CLASS = YES_ERROR;
				CLANG_WARN_QUOTED_INCLUDE_IN_FRAMEWORK_HEADER = YES;
				CLANG_WARN_RANGE_LOOP_ANALYSIS = YES;
				CLANG_WARN_STRICT_PROTOTYPES = YES;
				CLANG_WARN_SUSPICIOUS_MOVE = YES;
				CLANG_WARN_UNGUARDED_AVAILABILITY = YES_AGGRESSIVE;
				CLANG_WARN_UNREACHABLE_CODE = YES;
				CLANG_WARN__DUPLICATE_METHOD_MATCH = YES;
				COPY_PHASE_STRIP = NO;
				DEBUG_INFORMATION_FORMAT = "dwarf-with-dsym";
				ENABLE_NS_ASSERTIONS = NO;
				ENABLE_STRICT_OBJC_MSGSEND = YES;
				GCC_C_LANGUAGE_STANDARD = gnu11;
				GCC_NO_COMMON_BLOCKS = YES;
				GCC_WARN_64_TO_32_BIT_CONVERSION = YES;
				GCC_WARN_ABOUT_RETURN_TYPE = YES_ERROR;
				GCC_WARN_UNDECLARED_SELECTOR = YES;
				GCC_WARN_UNINITIALIZED_AUTOS = YES_AGGRESSIVE;
				GCC_WARN_UNUSED_FUNCTION = YES;
				GCC_WARN_UNUSED_VARIABLE = YES;
				IPHONEOS_DEPLOYMENT_TARGET = 14.3;
				MTL_ENABLE_DEBUG_INFO = NO;
				MTL_FAST_MATH = YES;
				SDKROOT = iphoneos;
				SWIFT_COMPILATION_MODE = wholemodule;
				SWIFT_OPTIMIZATION_LEVEL = "-O";
				VALIDATE_PRODUCT = YES;
			};
			name = Release;
		};
		7E597D00273A6A5000565B29 /* Debug */ = {
			isa = XCBuildConfiguration;
			buildSettings = {
				ASSETCATALOG_COMPILER_APPICON_NAME = AppIcon;
				ASSETCATALOG_COMPILER_GLOBAL_ACCENT_COLOR_NAME = AccentColor;
				CODE_SIGN_STYLE = Automatic;
				DEVELOPMENT_TEAM = 6G3G9YPVMT;
				INFOPLIST_FILE = ImageDemo/Info.plist;
				LD_RUNPATH_SEARCH_PATHS = (
					"$(inherited)",
					"@executable_path/Frameworks",
				);
				PRODUCT_BUNDLE_IDENTIFIER = com.demo.ImageDemo;
				PRODUCT_NAME = "$(TARGET_NAME)";
				SWIFT_VERSION = 5.0;
				TARGETED_DEVICE_FAMILY = "1,2";
			};
			name = Debug;
		};
		7E597D01273A6A5000565B29 /* Release */ = {
			isa = XCBuildConfiguration;
			buildSettings = {
				ASSETCATALOG_COMPILER_APPICON_NAME = AppIcon;
				ASSETCATALOG_COMPILER_GLOBAL_ACCENT_COLOR_NAME = AccentColor;
				CODE_SIGN_STYLE = Automatic;
				DEVELOPMENT_TEAM = 6G3G9YPVMT;
				INFOPLIST_FILE = ImageDemo/Info.plist;
				LD_RUNPATH_SEARCH_PATHS = (
					"$(inherited)",
					"@executable_path/Frameworks",
				);
				PRODUCT_BUNDLE_IDENTIFIER = com.demo.ImageDemo;
				PRODUCT_NAME = "$(TARGET_NAME)";
				SWIFT_VERSION = 5.0;
				TARGETED_DEVICE_FAMILY = "1,2";
			};
			name = Release;
		};
		7E597D03273A6A5000565B29 /* Debug */ = {
			isa = XCBuildConfiguration;
			buildSettings = {
				ALWAYS_EMBED_SWIFT_STANDARD_LIBRARIES = YES;
				BUNDLE_LOADER = "$(TEST_HOST)";
				CODE_SIGN_STYLE = Automatic;
				DEVELOPMENT_TEAM = 6G3G9YPVMT;
				INFOPLIST_FILE = ImageDemoTests/Info.plist;
				IPHONEOS_DEPLOYMENT_TARGET = 14.3;
				LD_RUNPATH_SEARCH_PATHS = (
					"$(inherited)",
					"@executable_path/Frameworks",
					"@loader_path/Frameworks",
				);
				PRODUCT_BUNDLE_IDENTIFIER = com.demo.ImageDemoTests;
				PRODUCT_NAME = "$(TARGET_NAME)";
				SWIFT_VERSION = 5.0;
				TARGETED_DEVICE_FAMILY = "1,2";
				TEST_HOST = "$(BUILT_PRODUCTS_DIR)/ImageDemo.app/ImageDemo";
			};
			name = Debug;
		};
		7E597D04273A6A5000565B29 /* Release */ = {
			isa = XCBuildConfiguration;
			buildSettings = {
				ALWAYS_EMBED_SWIFT_STANDARD_LIBRARIES = YES;
				BUNDLE_LOADER = "$(TEST_HOST)";
				CODE_SIGN_STYLE = Automatic;
				DEVELOPMENT_TEAM = 6G3G9YPVMT;
				INFOPLIST_FILE = ImageDemoTests/Info.plist;
				IPHONEOS_DEPLOYMENT_TARGET = 14.3;
				LD_RUNPATH_SEARCH_PATHS = (
					"$(inherited)",
					"@executable_path/Frameworks",
					"@loader_path/Frameworks",
				);
				PRODUCT_BUNDLE_IDENTIFIER = com.demo.ImageDemoTests;
				PRODUCT_NAME = "$(TARGET_NAME)";
				SWIFT_VERSION = 5.0;
				TARGETED_DEVICE_FAMILY = "1,2";
				TEST_HOST = "$(BUILT_PRODUCTS_DIR)/ImageDemo.app/ImageDemo";
			};
			name = Release;
		};
		7E597D06273A6A5000565B29 /* Debug */ = {
			isa = XCBuildConfiguration;
			buildSettings = {
				ALWAYS_EMBED_SWIFT_STANDARD_LIBRARIES = YES;
				CODE_SIGN_STYLE = Automatic;
				DEVELOPMENT_TEAM = 6G3G9YPVMT;
				INFOPLIST_FILE = ImageDemoUITests/Info.plist;
				LD_RUNPATH_SEARCH_PATHS = (
					"$(inherited)",
					"@executable_path/Frameworks",
					"@loader_path/Frameworks",
				);
				PRODUCT_BUNDLE_IDENTIFIER = com.demo.ImageDemoUITests;
				PRODUCT_NAME = "$(TARGET_NAME)";
				SWIFT_VERSION = 5.0;
				TARGETED_DEVICE_FAMILY = "1,2";
				TEST_TARGET_NAME = ImageDemo;
			};
			name = Debug;
		};
		7E597D07273A6A5000565B29 /* Release */ = {
			isa = XCBuildConfiguration;
			buildSettings = {
				ALWAYS_EMBED_SWIFT_STANDARD_LIBRARIES = YES;
				CODE_SIGN_STYLE = Automatic;
				DEVELOPMENT_TEAM = 6G3G9YPVMT;
				INFOPLIST_FILE = ImageDemoUITests/Info.plist;
				LD_RUNPATH_SEARCH_PATHS = (
					"$(inherited)",
					"@executable_path/Frameworks",
					"@loader_path/Frameworks",
				);
				PRODUCT_BUNDLE_IDENTIFIER = com.demo.ImageDemoUITests;
				PRODUCT_NAME = "$(TARGET_NAME)";
				SWIFT_VERSION = 5.0;
				TARGETED_DEVICE_FAMILY = "1,2";
				TEST_TARGET_NAME = ImageDemo;
			};
			name = Release;
		};
/* End XCBuildConfiguration section */

/* Begin XCConfigurationList section */
		7E597CCD273A6A4D00565B29 /* Build configuration list for PBXProject "ImageDemo" */ = {
			isa = XCConfigurationList;
			buildConfigurations = (
				7E597CFD273A6A5000565B29 /* Debug */,
				7E597CFE273A6A5000565B29 /* Release */,
			);
			defaultConfigurationIsVisible = 0;
			defaultConfigurationName = Release;
		};
		7E597CFF273A6A5000565B29 /* Build configuration list for PBXNativeTarget "ImageDemo" */ = {
			isa = XCConfigurationList;
			buildConfigurations = (
				7E597D00273A6A5000565B29 /* Debug */,
				7E597D01273A6A5000565B29 /* Release */,
			);
			defaultConfigurationIsVisible = 0;
			defaultConfigurationName = Release;
		};
		7E597D02273A6A5000565B29 /* Build configuration list for PBXNativeTarget "ImageDemoTests" */ = {
			isa = XCConfigurationList;
			buildConfigurations = (
				7E597D03273A6A5000565B29 /* Debug */,
				7E597D04273A6A5000565B29 /* Release */,
			);
			defaultConfigurationIsVisible = 0;
			defaultConfigurationName = Release;
		};
		7E597D05273A6A5000565B29 /* Build configuration list for PBXNativeTarget "ImageDemoUITests" */ = {
			isa = XCConfigurationList;
			buildConfigurations = (
				7E597D06273A6A5000565B29 /* Debug */,
				7E597D07273A6A5000565B29 /* Release */,
			);
			defaultConfigurationIsVisible = 0;
			defaultConfigurationName = Release;
		};
/* End XCConfigurationList section */

/* Begin XCVersionGroup section */
		7E597CDE273A6A4D00565B29 /* ImageDemo.xcdatamodeld */ = {
			isa = XCVersionGroup;
			children = (
				7E597CDF273A6A4D00565B29 /* ImageDemo.xcdatamodel */,
			);
			currentVersion = 7E597CDF273A6A4D00565B29 /* ImageDemo.xcdatamodel */;
			path = ImageDemo.xcdatamodeld;
			sourceTree = "<group>";
			versionGroupType = wrapper.xcdatamodel;
		};
/* End XCVersionGroup section */
	};
	rootObject = 7E597CCA273A6A4D00565B29 /* Project object */;
}
